{
  "version": 4,
  "terraform_version": "1.4.4",
  "serial": 5,
  "lineage": "5634f58c-63b5-3250-108b-dc83f7c25fb3",
  "outputs": {},
  "resources": [
    {
      "module": "module.storage_sftp",
      "mode": "data",
      "type": "terraform_remote_state",
      "name": "sftp-storage",
      "provider": "provider[\"terraform.io/builtin/terraform\"]",
      "instances": [
        {
          "schema_version": 0,
          "attributes": {
            "backend": "azurerm",
            "config": {
              "value": {
                "container_name": "tfstate",
                "key": "sftp.terraform.tfstate",
                "resource_group_name": "tfstate",
                "storage_account_name": "tfstate16843"
              },
              "type": [
                "object",
                {
                  "container_name": "string",
                  "key": "string",
                  "resource_group_name": "string",
                  "storage_account_name": "string"
                }
              ]
            },
            "defaults": null,
            "outputs": {
              "value": {
                "ip": "31.48.16.36",
                "kv-id": "/subscriptions/50a209a2-959f-4cbb-a46a-9d158876e328/resourceGroups/rg-sftp/providers/Microsoft.KeyVault/vaults/bodgedcloud-sftp-kv",
                "test-sftp-storage-account-id": "/subscriptions/50a209a2-959f-4cbb-a46a-9d158876e328/resourceGroups/rg-sftp/providers/Microsoft.Storage/storageAccounts/bclsftptest",
                "test-sftp-storage-account-name": "bclsftptest"
              },
              "type": [
                "object",
                {
                  "ip": "string",
                  "kv-id": "string",
                  "test-sftp-storage-account-id": "string",
                  "test-sftp-storage-account-name": "string"
                }
              ]
            },
            "workspace": null
          },
          "sensitive_attributes": []
        }
      ]
    },
    {
      "module": "module.storage_sftp",
      "mode": "managed",
      "type": "azapi_resource",
      "name": "sftp_users",
      "provider": "provider[\"registry.terraform.io/azure/azapi\"]",
      "instances": [
        {
          "index_key": "foo",
          "schema_version": 0,
          "attributes": {
            "body": "{\"properties\":{\"hasSshKey\":true,\"homeDirectory\":\"\",\"permissionScopes\":[{\"permissions\":\"rwldc\",\"resourceName\":\"foo\",\"service\":\"blob\"},{\"permissions\":\"rwl\",\"resourceName\":\"bar\",\"service\":\"blob\"}],\"sshAuthorizedKeys\":[{\"description\":\"Automatically generated by Terraform\",\"key\":\"ecdsa-sha2-nistp384 AAAAE2VjZHNhLXNoYTItbmlzdHAzODQAAAAIbmlzdHAzODQAAABhBBJcu8LdJVtgwVGmfA/QwhRgL9NLkEZjbId9UlynUrrHFh2DmpnF6+h1b4qJqfQwnuqSq8t+xDbkO4kMCBp0KNW9qW3rW2ld9pfZWmKDDWJVrYgav+Ljvqol57Z6Vhcgew==\\n\"}]}}",
            "id": "/subscriptions/50a209a2-959f-4cbb-a46a-9d158876e328/resourceGroups/rg-sftp/providers/Microsoft.Storage/storageAccounts/bclsftptest/localUsers/foo",
            "identity": [],
            "ignore_casing": false,
            "ignore_missing_property": true,
            "location": "",
            "locks": null,
            "name": "foo",
            "output": "{\"id\":\"/subscriptions/50a209a2-959f-4cbb-a46a-9d158876e328/resourceGroups/rg-sftp/providers/Microsoft.Storage/storageAccounts/bclsftptest/localusers/foo\",\"properties\":{\"homeDirectory\":\"\",\"permissionScopes\":[{\"permissions\":\"rwldc\",\"resourceName\":\"foo\",\"service\":\"blob\"},{\"permissions\":\"rwl\",\"resourceName\":\"bar\",\"service\":\"blob\"}]}}",
            "parent_id": "/subscriptions/50a209a2-959f-4cbb-a46a-9d158876e328/resourceGroups/rg-sftp/providers/Microsoft.Storage/storageAccounts/bclsftptest",
            "removing_special_chars": false,
            "response_export_values": [
              "id",
              "properties.homeDirectory",
              "properties.permissionScopes"
            ],
            "schema_validation_enabled": true,
            "tags": {},
            "timeouts": null,
            "type": "Microsoft.Storage/storageAccounts/localUsers@2022-09-01"
          },
          "sensitive_attributes": [],
          "private": "eyJlMmJmYjczMC1lY2FhLTExZTYtOGY4OC0zNDM2M2JjN2M0YzAiOnsiY3JlYXRlIjoxODAwMDAwMDAwMDAwLCJkZWxldGUiOjE4MDAwMDAwMDAwMDAsInJlYWQiOjMwMDAwMDAwMDAwMCwidXBkYXRlIjoxODAwMDAwMDAwMDAwfX0=",
          "dependencies": [
            "module.storage_sftp.data.terraform_remote_state.sftp-storage",
            "module.storage_sftp.tls_private_key.sftp_users_keys"
          ]
        }
      ]
    },
    {
      "module": "module.storage_sftp",
      "mode": "managed",
      "type": "azurerm_key_vault_secret",
      "name": "sshkey",
      "provider": "module.storage_sftp.provider[\"registry.terraform.io/hashicorp/azurerm\"]",
      "instances": [
        {
          "index_key": "foo",
          "schema_version": 0,
          "attributes": {
            "content_type": "Private PEM",
            "expiration_date": null,
            "id": "https://bodgedcloud-sftp-kv.vault.azure.net/secrets/private-foo/bb428431097549afa1c54061da2eae73",
            "key_vault_id": "/subscriptions/50a209a2-959f-4cbb-a46a-9d158876e328/resourceGroups/rg-sftp/providers/Microsoft.KeyVault/vaults/bodgedcloud-sftp-kv",
            "name": "private-foo",
            "not_before_date": null,
            "resource_id": "/subscriptions/50a209a2-959f-4cbb-a46a-9d158876e328/resourceGroups/rg-sftp/providers/Microsoft.KeyVault/vaults/bodgedcloud-sftp-kv/secrets/private-foo/versions/bb428431097549afa1c54061da2eae73",
            "resource_versionless_id": "/subscriptions/50a209a2-959f-4cbb-a46a-9d158876e328/resourceGroups/rg-sftp/providers/Microsoft.KeyVault/vaults/bodgedcloud-sftp-kv/secrets/private-foo",
            "tags": null,
            "timeouts": null,
            "value": "-----BEGIN EC PRIVATE KEY-----\nMIGkAgEBBDCNzVkZfCec7AQHfBB96qwEeClFUYP0Z0JMcbVD3C5Hg3AZnu092yKR\nQmlR0yt3CZigBwYFK4EEACKhZANiAAQSXLvC3SVbYMFRpnwP0MIUYC/TS5BGY2yH\nfVJcp1K6xxYdg5qZxevodW+Kian0MJ7qkqvLfsQ25DuJDAgadCjVvalt61tpXfaX\n2Vpigw1iVa2IGr/i476qJee2elYXIHs=\n-----END EC PRIVATE KEY-----\n",
            "version": "bb428431097549afa1c54061da2eae73",
            "versionless_id": "https://bodgedcloud-sftp-kv.vault.azure.net/secrets/private-foo"
          },
          "sensitive_attributes": [
            [
              {
                "type": "get_attr",
                "value": "value"
              }
            ]
          ],
          "private": "eyJlMmJmYjczMC1lY2FhLTExZTYtOGY4OC0zNDM2M2JjN2M0YzAiOnsiY3JlYXRlIjoxODAwMDAwMDAwMDAwLCJkZWxldGUiOjE4MDAwMDAwMDAwMDAsInJlYWQiOjE4MDAwMDAwMDAwMDAsInVwZGF0ZSI6MTgwMDAwMDAwMDAwMH19",
          "dependencies": [
            "module.storage_sftp.tls_private_key.sftp_users_keys"
          ]
        }
      ]
    },
    {
      "module": "module.storage_sftp",
      "mode": "managed",
      "type": "azurerm_storage_container",
      "name": "example",
      "provider": "module.storage_sftp.provider[\"registry.terraform.io/hashicorp/azurerm\"]",
      "instances": [
        {
          "schema_version": 1,
          "attributes": {
            "container_access_type": "private",
            "has_immutability_policy": false,
            "has_legal_hold": false,
            "id": "https://bclsftptest.blob.core.windows.net/content",
            "metadata": {},
            "name": "content",
            "resource_manager_id": "/subscriptions/50a209a2-959f-4cbb-a46a-9d158876e328/resourceGroups/rg-sftp/providers/Microsoft.Storage/storageAccounts/bclsftptest/blobServices/default/containers/content",
            "storage_account_name": "bclsftptest",
            "timeouts": null
          },
          "sensitive_attributes": [],
          "private": "eyJlMmJmYjczMC1lY2FhLTExZTYtOGY4OC0zNDM2M2JjN2M0YzAiOnsiY3JlYXRlIjoxODAwMDAwMDAwMDAwLCJkZWxldGUiOjE4MDAwMDAwMDAwMDAsInJlYWQiOjMwMDAwMDAwMDAwMCwidXBkYXRlIjoxODAwMDAwMDAwMDAwfSwic2NoZW1hX3ZlcnNpb24iOiIxIn0=",
          "dependencies": [
            "module.storage_sftp.data.terraform_remote_state.sftp-storage"
          ]
        }
      ]
    },
    {
      "module": "module.storage_sftp",
      "mode": "managed",
      "type": "tls_private_key",
      "name": "sftp_users_keys",
      "provider": "provider[\"registry.terraform.io/hashicorp/tls\"]",
      "instances": [
        {
          "index_key": "foo",
          "schema_version": 1,
          "attributes": {
            "algorithm": "ECDSA",
            "ecdsa_curve": "P384",
            "id": "54d55737c4216c0a390bc0e450066c5db8606e70",
            "private_key_openssh": "-----BEGIN OPENSSH PRIVATE KEY-----\nb3BlbnNzaC1rZXktdjEAAAAABG5vbmUAAAAEbm9uZQAAAAAAAAABAAAAiAAAABNl\nY2RzYS1zaGEyLW5pc3RwMzg0AAAACG5pc3RwMzg0AAAAYQQSXLvC3SVbYMFRpnwP\n0MIUYC/TS5BGY2yHfVJcp1K6xxYdg5qZxevodW+Kian0MJ7qkqvLfsQ25DuJDAga\ndCjVvalt61tpXfaX2Vpigw1iVa2IGr/i476qJee2elYXIHsAAADQhWhVFIVoVRQA\nAAATZWNkc2Etc2hhMi1uaXN0cDM4NAAAAAhuaXN0cDM4NAAAAGEEEly7wt0lW2DB\nUaZ8D9DCFGAv00uQRmNsh31SXKdSuscWHYOamcXr6HVviomp9DCe6pKry37ENuQ7\niQwIGnQo1b2pbetbaV32l9laYoMNYlWtiBq/4uO+qiXntnpWFyB7AAAAMQCNzVkZ\nfCec7AQHfBB96qwEeClFUYP0Z0JMcbVD3C5Hg3AZnu092yKRQmlR0yt3CZgAAAAA\nAQIDBAUGBw==\n-----END OPENSSH PRIVATE KEY-----\n",
            "private_key_pem": "-----BEGIN EC PRIVATE KEY-----\nMIGkAgEBBDCNzVkZfCec7AQHfBB96qwEeClFUYP0Z0JMcbVD3C5Hg3AZnu092yKR\nQmlR0yt3CZigBwYFK4EEACKhZANiAAQSXLvC3SVbYMFRpnwP0MIUYC/TS5BGY2yH\nfVJcp1K6xxYdg5qZxevodW+Kian0MJ7qkqvLfsQ25DuJDAgadCjVvalt61tpXfaX\n2Vpigw1iVa2IGr/i476qJee2elYXIHs=\n-----END EC PRIVATE KEY-----\n",
            "private_key_pem_pkcs8": "-----BEGIN PRIVATE KEY-----\nMIG2AgEAMBAGByqGSM49AgEGBSuBBAAiBIGeMIGbAgEBBDCNzVkZfCec7AQHfBB9\n6qwEeClFUYP0Z0JMcbVD3C5Hg3AZnu092yKRQmlR0yt3CZihZANiAAQSXLvC3SVb\nYMFRpnwP0MIUYC/TS5BGY2yHfVJcp1K6xxYdg5qZxevodW+Kian0MJ7qkqvLfsQ2\n5DuJDAgadCjVvalt61tpXfaX2Vpigw1iVa2IGr/i476qJee2elYXIHs=\n-----END PRIVATE KEY-----\n",
            "public_key_fingerprint_md5": "cd:25:57:c4:d2:c8:68:01:4e:45:83:fa:06:e8:45:8b",
            "public_key_fingerprint_sha256": "SHA256:zFIl3oN12g+JPHImnqUVxe/I28BfxzKHmUOfBqZESIQ",
            "public_key_openssh": "ecdsa-sha2-nistp384 AAAAE2VjZHNhLXNoYTItbmlzdHAzODQAAAAIbmlzdHAzODQAAABhBBJcu8LdJVtgwVGmfA/QwhRgL9NLkEZjbId9UlynUrrHFh2DmpnF6+h1b4qJqfQwnuqSq8t+xDbkO4kMCBp0KNW9qW3rW2ld9pfZWmKDDWJVrYgav+Ljvqol57Z6Vhcgew==\n",
            "public_key_pem": "-----BEGIN PUBLIC KEY-----\nMHYwEAYHKoZIzj0CAQYFK4EEACIDYgAEEly7wt0lW2DBUaZ8D9DCFGAv00uQRmNs\nh31SXKdSuscWHYOamcXr6HVviomp9DCe6pKry37ENuQ7iQwIGnQo1b2pbetbaV32\nl9laYoMNYlWtiBq/4uO+qiXntnpWFyB7\n-----END PUBLIC KEY-----\n",
            "rsa_bits": 2048
          },
          "sensitive_attributes": []
        }
      ]
    }
  ],
  "check_results": null
}
